
Microsoft Visual Studio Solution File, Format Version 12.00
# Visual Studio Version 17
VisualStudioVersion = 17.7.34031.279
MinimumVisualStudioVersion = 10.0.40219.1
Project("{FAE04EC0-301F-11D3-BF4B-00C04F79EFBC}") = "UsuarioApi", "UsuarioApi\UsuarioApi.csproj", "{4C165310-1E56-43B6-9D95-682A5F61E14F}"
EndProject
Global
	GlobalSection(SolutionConfigurationPlatforms) = preSolution
		Debug|Any CPU = Debug|Any CPU
		Release|Any CPU = Release|Any CPU
	EndGlobalSection
	GlobalSection(ProjectConfigurationPlatforms) = postSolution
		{4C165310-1E56-43B6-9D95-682A5F61E14F}.Debug|Any CPU.ActiveCfg = Debug|Any CPU
		{4C165310-1E56-43B6-9D95-682A5F61E14F}.Debug|Any CPU.Build.0 = Debug|Any CPU
		{4C165310-1E56-43B6-9D95-682A5F61E14F}.Release|Any CPU.ActiveCfg = Release|Any CPU
		{4C165310-1E56-43B6-9D95-682A5F61E14F}.Release|Any CPU.Build.0 = Release|Any CPU
	EndGlobalSection
	GlobalSection(SolutionProperties) = preSolution
		HideSolutionNode = FALSE
	EndGlobalSection
	GlobalSection(ExtensibilityGlobals) = postSolution
		SolutionGuid = {AE3A3653-8562-4DAE-BF38-91154B6FB414}
	EndGlobalSection
EndGlobal
